[{<<"cowboyku">>,
  {git,"https://github.com/heroku/cowboyku.git",
       {ref,"ca64d29abe15c1522ba77283f15de20677aa5889"}},
  1},
 {<<"cowlib">>,
  {git,"https://github.com/ninenines/cowlib.git",
       {ref,"63298e8e160031a70efff86a1acde7e7db1fcda6"}},
  1},
 {<<"erequest_id">>,
  {git,"https://github.com/heroku/erequest_id.git",
       {ref,"e24f250c119e14975eff038ac30b2f9f7d1ceefa"}},
  1},
 {<<"goldrush">>,
  {git,"git://github.com/DeadZen/goldrush.git",
       {ref,"64864ba7fcf40988361340e48680b49a2c2938cf"}},
  1},
 {<<"lager">>,
  {git,"https://github.com/basho/lager",
       {ref,"599dda6786a81200e00b3d9b4b36951e052727a3"}},
  0},
 {<<"lrw">>,
  {git,"https://github.com/ferd/lrw",
       {ref,"07c7dc8e54b36c84789304a8182ec3017a08a82d"}},
  0},
 {<<"meck">>,
  {git,"https://github.com/eproxus/meck.git",
       {ref,"be12fdf0522162f801093ec1d52ed2e99dc4c025"}},
  0},
 {<<"midjan">>,
  {git,"https://github.com/heroku/midjan.git",
       {ref,"1499e99509a07d5d3a0fbfd412cac40c64ebce0d"}},
  1},
 {<<"quickrand">>,
  {git,"https://github.com/okeuday/quickrand.git",
       {ref,"36bc75ac538430f6858453576850ea088d22c183"}},
  2},
 {<<"ranch">>,
  {git,"https://github.com/ninenines/ranch.git",
       {ref,"741bfb73ca663394ecf7a73410506d66f01985a6"}},
  1},
 {<<"ranch_proxy_protocol">>,
  {git,"https://github.com/heroku/ranch_proxy_protocol.git",
       {ref,"c2a5855068651b2447633a257a48209f05888848"}},
  1},
 {<<"uuid">>,
  {git,"https://github.com/okeuday/uuid.git",
       {ref,"24325ae6309d03897735c3a320aab6f74b189ab7"}},
  1},
 {<<"vegur">>,
  {git,"https://github.com/heroku/vegur",
       {ref,"987d623c3d07239a3d3f4f19a2dff25e6622d32f"}},
  0}].
